
Microsoft Visual Studio Solution File, Format Version 12.00
# Visual Studio Version 16
VisualStudioVersion = 16.0.30907.101
MinimumVisualStudioVersion = 10.0.40219.1
Project("{9A19103F-16F7-4668-BE54-9A1E7A4F7556}") = "VoidProOverlay", "VoidProOverlay.csproj", "{D80A2FD1-75F0-46B6-9D88-9F1278FD875C}"
EndProject
Global
	GlobalSection(SolutionConfigurationPlatforms) = preSolution
		Debug|Any CPU = Debug|Any CPU
		Release|Any CPU = Release|Any CPU
	EndGlobalSection
	GlobalSection(ProjectConfigurationPlatforms) = postSolution
		{D80A2FD1-75F0-46B6-9D88-9F1278FD875C}.Debug|Any CPU.ActiveCfg = Debug|Any CPU
		{D80A2FD1-75F0-46B6-9D88-9F1278FD875C}.Debug|Any CPU.Build.0 = Debug|Any CPU
		{D80A2FD1-75F0-46B6-9D88-9F1278FD875C}.Release|Any CPU.ActiveCfg = Release|Any CPU
		{D80A2FD1-75F0-46B6-9D88-9F1278FD875C}.Release|Any CPU.Build.0 = Release|Any CPU
	EndGlobalSection
	GlobalSection(SolutionProperties) = preSolution
		HideSolutionNode = FALSE
	EndGlobalSection
	GlobalSection(ExtensibilityGlobals) = postSolution
		SolutionGuid = {A9F8263C-1FB1-4570-90CB-C11F82D34056}
	EndGlobalSection
EndGlobal
